
Microsoft Visual Studio Solution File, Format Version 12.00
# Visual Studio Version 17
VisualStudioVersion = 17.5.33516.290
MinimumVisualStudioVersion = 10.0.40219.1
Project("{FAE04EC0-301F-11D3-BF4B-00C04F79EFBC}") = "DVLDProject", "DVLDProject.csproj", "{9AD2F0F2-A5AF-4062-A545-093AD6B563DA}"
EndProject
Project("{FAE04EC0-301F-11D3-BF4B-00C04F79EFBC}") = "DVLDDataAccessLayer", "..\DVLDAccess\DVLDDataAccessLayer.csproj", "{6E026755-6F75-4F77-902D-F27D88879F84}"
EndProject
Project("{FAE04EC0-301F-11D3-BF4B-00C04F79EFBC}") = "DVLDBusinessLayer", "..\DVLDControls\DVLDBusinessLayer.csproj", "{D3558651-27C5-485F-AF33-717943B37A76}"
EndProject
Global
	GlobalSection(SolutionConfigurationPlatforms) = preSolution
		Debug|Any CPU = Debug|Any CPU
		Release|Any CPU = Release|Any CPU
	EndGlobalSection
	GlobalSection(ProjectConfigurationPlatforms) = postSolution
		{9AD2F0F2-A5AF-4062-A545-093AD6B563DA}.Debug|Any CPU.ActiveCfg = Debug|Any CPU
		{9AD2F0F2-A5AF-4062-A545-093AD6B563DA}.Debug|Any CPU.Build.0 = Debug|Any CPU
		{9AD2F0F2-A5AF-4062-A545-093AD6B563DA}.Release|Any CPU.ActiveCfg = Release|Any CPU
		{9AD2F0F2-A5AF-4062-A545-093AD6B563DA}.Release|Any CPU.Build.0 = Release|Any CPU
		{6E026755-6F75-4F77-902D-F27D88879F84}.Debug|Any CPU.ActiveCfg = Debug|Any CPU
		{6E026755-6F75-4F77-902D-F27D88879F84}.Debug|Any CPU.Build.0 = Debug|Any CPU
		{6E026755-6F75-4F77-902D-F27D88879F84}.Release|Any CPU.ActiveCfg = Release|Any CPU
		{6E026755-6F75-4F77-902D-F27D88879F84}.Release|Any CPU.Build.0 = Release|Any CPU
		{D3558651-27C5-485F-AF33-717943B37A76}.Debug|Any CPU.ActiveCfg = Debug|Any CPU
		{D3558651-27C5-485F-AF33-717943B37A76}.Debug|Any CPU.Build.0 = Debug|Any CPU
		{D3558651-27C5-485F-AF33-717943B37A76}.Release|Any CPU.ActiveCfg = Release|Any CPU
		{D3558651-27C5-485F-AF33-717943B37A76}.Release|Any CPU.Build.0 = Release|Any CPU
	EndGlobalSection
	GlobalSection(SolutionProperties) = preSolution
		HideSolutionNode = FALSE
	EndGlobalSection
	GlobalSection(ExtensibilityGlobals) = postSolution
		SolutionGuid = {3BD9A669-FD05-4C0B-A9ED-9CB738F39CD2}
	EndGlobalSection
EndGlobal
